{
  "requires": true,
  "lockfileVersion": 1,
  "dependencies": {
    "@types/uuid": {
      "version": "8.3.0",
      "resolved": "https://registry.npmjs.org/@types/uuid/-/uuid-8.3.0.tgz",
      "integrity": "sha512-eQ9qFW/fhfGJF8WKHGEHZEyVWfZxrT+6CLIJGBcZPfxUh/+BnEj+UCGYMlr9qZuX/2AltsvwrGqp0LhEW8D0zQ=="
    },
    "dom-serializer": {
      "version": "1.2.0",
      "resolved": "https://registry.npmjs.org/dom-serializer/-/dom-serializer-1.2.0.tgz",
      "integrity": "sha512-n6kZFH/KlCrqs/1GHMOd5i2fd/beQHuehKdWvNNffbGHTr/almdhuVvTVFb3V7fglz+nC50fFusu3lY33h12pA==",
      "requires": {
        "domelementtype": "^2.0.1",
        "domhandler": "^4.0.0",
        "entities": "^2.0.0"
      }
    },
    "domelementtype": {
      "version": "2.1.0",
      "resolved": "https://registry.npmjs.org/domelementtype/-/domelementtype-2.1.0.tgz",
      "integrity": "sha512-LsTgx/L5VpD+Q8lmsXSHW2WpA+eBlZ9HPf3erD1IoPF00/3JKHZ3BknUVA2QGDNu69ZNmyFmCWBSO45XjYKC5w=="
    },
    "domhandler": {
      "version": "4.0.0",
      "resolved": "https://registry.npmjs.org/domhandler/-/domhandler-4.0.0.tgz",
      "integrity": "sha512-KPTbnGQ1JeEMQyO1iYXoagsI6so/C96HZiFyByU3T6iAzpXn8EGEvct6unm1ZGoed8ByO2oirxgwxBmqKF9haA==",
      "requires": {
        "domelementtype": "^2.1.0"
      }
    },
    "domutils": {
      "version": "2.4.4",
      "resolved": "https://registry.npmjs.org/domutils/-/domutils-2.4.4.tgz",
      "integrity": "sha512-jBC0vOsECI4OMdD0GC9mGn7NXPLb+Qt6KW1YDQzeQYRUFKmNG8lh7mO5HiELfr+lLQE7loDVI4QcAxV80HS+RA==",
      "requires": {
        "dom-serializer": "^1.0.1",
        "domelementtype": "^2.0.1",
        "domhandler": "^4.0.0"
      }
    },
    "entities": {
      "version": "2.1.0",
      "resolved": "https://registry.npmjs.org/entities/-/entities-2.1.0.tgz",
      "integrity": "sha512-hCx1oky9PFrJ611mf0ifBLBRW8lUUVRlFolb5gWRfIELabBlbp9xZvrqZLZAs+NxFnbfQoeGd8wDkygjg7U85w=="
    },
    "he": {
      "version": "1.2.0",
      "resolved": "https://registry.npmjs.org/he/-/he-1.2.0.tgz",
      "integrity": "sha512-F/1DnUGPopORZi0ni+CvrCgHQ5FyEAHRLSApuYWMmrbSwoN2Mn/7k+Gl38gJnR7yyDZk6WLXwiGod1JOWNDKGw=="
    },
    "htmlparser2": {
      "version": "6.0.0",
      "resolved": "https://registry.npmjs.org/htmlparser2/-/htmlparser2-6.0.0.tgz",
      "integrity": "sha512-numTQtDZMoh78zJpaNdJ9MXb2cv5G3jwUoe3dMQODubZvLoGvTE/Ofp6sHvH8OGKcN/8A47pGLi/k58xHP/Tfw==",
      "requires": {
        "domelementtype": "^2.0.1",
        "domhandler": "^4.0.0",
        "domutils": "^2.4.4",
        "entities": "^2.0.0"
      }
    },
    "node-html-parser": {
      "version": "2.0.0",
      "resolved": "https://registry.npmjs.org/node-html-parser/-/node-html-parser-2.0.0.tgz",
      "integrity": "sha512-3wJdYSxiVIBxuiFm9UtfNWAlBw2P+Vb/RN1nqf40q2JeZDpcJ1HsrWuWV3j15SSJ25TvfnOoac2Q+uDU9iY0sw==",
      "requires": {
        "he": "1.2.0"
      }
    },
    "uuid": {
      "version": "8.3.2",
      "resolved": "https://registry.npmjs.org/uuid/-/uuid-8.3.2.tgz",
      "integrity": "sha512-+NYs2QeMWy+GWFOEm9xnn6HCDp0l7QBD7ml8zLUmJ+93Q5NF0NocErnwkTkXVFNiX3/fpC6afS8Dhb/gz7R7eg=="
    },
    "vue-uuid": {
      "version": "2.0.2",
      "resolved": "https://registry.npmjs.org/vue-uuid/-/vue-uuid-2.0.2.tgz",
      "integrity": "sha512-PRf1CHg3uKi77bVRyAuW2u/T2PO9LxMr7cw9t9rNdpZTkNDyw1Fx6eJVL+8JOtM9VxxPkoZ/rwhXJ5l+X5AYzQ==",
      "requires": {
        "@types/uuid": "^8.0.0",
        "uuid": "^8.1.0"
      }
    }
  }
}
